
Microsoft Visual Studio Solution File, Format Version 12.00
# Visual Studio Version 17
VisualStudioVersion = 17.7.34003.232
MinimumVisualStudioVersion = 10.0.40219.1
Project("{FAE04EC0-301F-11D3-BF4B-00C04F79EFBC}") = "AmadeusFlightSearchApp", "AmadeusFlightSearchApp\AmadeusFlightSearchApp.csproj", "{F2E1CF6A-9E6B-4E71-9D2C-6FFD2F23EE0C}"
EndProject
Global
	GlobalSection(SolutionConfigurationPlatforms) = preSolution
		Debug|Any CPU = Debug|Any CPU
		Release|Any CPU = Release|Any CPU
	EndGlobalSection
	GlobalSection(ProjectConfigurationPlatforms) = postSolution
		{F2E1CF6A-9E6B-4E71-9D2C-6FFD2F23EE0C}.Debug|Any CPU.ActiveCfg = Debug|Any CPU
		{F2E1CF6A-9E6B-4E71-9D2C-6FFD2F23EE0C}.Debug|Any CPU.Build.0 = Debug|Any CPU
		{F2E1CF6A-9E6B-4E71-9D2C-6FFD2F23EE0C}.Release|Any CPU.ActiveCfg = Release|Any CPU
		{F2E1CF6A-9E6B-4E71-9D2C-6FFD2F23EE0C}.Release|Any CPU.Build.0 = Release|Any CPU
	EndGlobalSection
	GlobalSection(SolutionProperties) = preSolution
		HideSolutionNode = FALSE
	EndGlobalSection
	GlobalSection(ExtensibilityGlobals) = postSolution
		SolutionGuid = {02049BFC-70C6-405C-AA20-B698B944682A}
	EndGlobalSection
EndGlobal
